
Microsoft Visual Studio Solution File, Format Version 12.00
# Visual Studio Version 16
VisualStudioVersion = 16.0.28803.202
MinimumVisualStudioVersion = 10.0.40219.1
Project("{FAE04EC0-301F-11D3-BF4B-00C04F79EFBC}") = "Variable", "Variable\Variable.csproj", "{62051F76-CEF8-45B1-9D2A-3C3D417948FE}"
EndProject
Global
	GlobalSection(SolutionConfigurationPlatforms) = preSolution
		Debug|Any CPU = Debug|Any CPU
		Release|Any CPU = Release|Any CPU
	EndGlobalSection
	GlobalSection(ProjectConfigurationPlatforms) = postSolution
		{62051F76-CEF8-45B1-9D2A-3C3D417948FE}.Debug|Any CPU.ActiveCfg = Debug|Any CPU
		{62051F76-CEF8-45B1-9D2A-3C3D417948FE}.Debug|Any CPU.Build.0 = Debug|Any CPU
		{62051F76-CEF8-45B1-9D2A-3C3D417948FE}.Release|Any CPU.ActiveCfg = Release|Any CPU
		{62051F76-CEF8-45B1-9D2A-3C3D417948FE}.Release|Any CPU.Build.0 = Release|Any CPU
	EndGlobalSection
	GlobalSection(SolutionProperties) = preSolution
		HideSolutionNode = FALSE
	EndGlobalSection
	GlobalSection(ExtensibilityGlobals) = postSolution
		SolutionGuid = {766A5867-273D-4F6A-8060-2A7A89810EAA}
	EndGlobalSection
EndGlobal
